// !$*UTF8*$!
{
	archiveVersion = 1;
	classes = {
	};
	objectVersion = 46;
	objects = {

/* Begin PBXBuildFile section */
		68AFA50515A9391400000AA6 /* Foundation.framework in Frameworks */ = {isa = PBXBuildFile; fileRef = 68AFA50415A9391400000AA6 /* Foundation.framework */; };
		68AFA50815A9391400000AA6 /* main.m in Sources */ = {isa = PBXBuildFile; fileRef = 68AFA50715A9391400000AA6 /* main.m */; };
		68AFA50C15A9391400000AA6 /* NSArray.1 in CopyFiles */ = {isa = PBXBuildFile; fileRef = 68AFA50B15A9391400000AA6 /* NSArray.1 */; };
/* End PBXBuildFile section */

/* Begin PBXCopyFilesBuildPhase section */
		68AFA4FE15A9391400000AA6 /* CopyFiles */ = {
			isa = PBXCopyFilesBuildPhase;
			buildActionMask = 2147483647;
			dstPath = /usr/share/man/man1/;
			dstSubfolderSpec = 0;
			files = (
				68AFA50C15A9391400000AA6 /* NSArray.1 in CopyFiles */,
			);
			runOnlyForDeploymentPostprocessing = 1;
		};
/* End PBXCopyFilesBuildPhase section */

/* Begin PBXFileReference section */
		68AFA50015A9391400000AA6 /* NSArray */ = {isa = PBXFileReference; explicitFileType = "compiled.mach-o.executable"; includeInIndex = 0; path = NSArray; sourceTree = BUILT_PRODUCTS_DIR; };
		68AFA50415A9391400000AA6 /* Foundation.framework */ = {isa = PBXFileReference; lastKnownFileType = wrapper.framework; name = Foundation.framework; path = System/Library/Frameworks/Foundation.framework; sourceTree = SDKROOT; };
		68AFA50715A9391400000AA6 /* main.m */ = {isa = PBXFileReference; lastKnownFileType = sourcecode.c.objc; path = main.m; sourceTree = "<group>"; };
		68AFA50A15A9391400000AA6 /* NSArray-Prefix.pch */ = {isa = PBXFileReference; lastKnownFileType = sourcecode.c.h; path = "NSArray-Prefix.pch"; sourceTree = "<group>"; };
		68AFA50B15A9391400000AA6 /* NSArray.1 */ = {isa = PBXFileReference; lastKnownFileType = text.man; path = NSArray.1; sourceTree = "<group>"; };
/* End PBXFileReference section */

/* Begin PBXFrameworksBuildPhase section */
		68AFA4FD15A9391400000AA6 /* Frameworks */ = {
			isa = PBXFrameworksBuildPhase;
			buildActionMask = 2147483647;
			files = (
				68AFA50515A9391400000AA6 /* Foundation.framework in Frameworks */,
			);
			runOnlyForDeploymentPostprocessing = 0;
		};
/* End PBXFrameworksBuildPhase section */

/* Begin PBXGroup section */
		68AFA4F515A9391400000AA6 = {
			isa = PBXGroup;
			children = (
				68AFA50615A9391400000AA6 /* NSArray */,
				68AFA50315A9391400000AA6 /* Frameworks */,
				68AFA50115A9391400000AA6 /* Products */,
			);
			sourceTree = "<group>";
		};
		68AFA50115A9391400000AA6 /* Products */ = {
			isa = PBXGroup;
			children = (
				68AFA50015A9391400000AA6 /* NSArray */,
			);
			name = Products;
			sourceTree = "<group>";
		};
		68AFA50315A9391400000AA6 /* Frameworks */ = {
			isa = PBXGroup;
			children = (
				68AFA50415A9391400000AA6 /* Foundation.framework */,
			);
			name = Frameworks;
			sourceTree = "<group>";
		};
		68AFA50615A9391400000AA6 /* NSArray */ = {
			isa = PBXGroup;
			children = (
				68AFA50715A9391400000AA6 /* main.m */,
				68AFA50B15A9391400000AA6 /* NSArray.1 */,
				68AFA50915A9391400000AA6 /* Supporting Files */,
			);
			path = NSArray;
			sourceTree = "<group>";
		};
		68AFA50915A9391400000AA6 /* Supporting Files */ = {
			isa = PBXGroup;
			children = (
				68AFA50A15A9391400000AA6 /* NSArray-Prefix.pch */,
			);
			name = "Supporting Files";
			sourceTree = "<group>";
		};
/* End PBXGroup section */

/* Begin PBXNativeTarget section */
		68AFA4FF15A9391400000AA6 /* NSArray */ = {
			isa = PBXNativeTarget;
			buildConfigurationList = 68AFA50F15A9391400000AA6 /* Build configuration list for PBXNativeTarget "NSArray" */;
			buildPhases = (
				68AFA4FC15A9391400000AA6 /* Sources */,
				68AFA4FD15A9391400000AA6 /* Frameworks */,
				68AFA4FE15A9391400000AA6 /* CopyFiles */,
			);
			buildRules = (
			);
			dependencies = (
			);
			name = NSArray;
			productName = NSArray;
			productReference = 68AFA50015A9391400000AA6 /* NSArray */;
			productType = "com.apple.product-type.tool";
		};
/* End PBXNativeTarget section */

/* Begin PBXProject section */
		68AFA4F715A9391400000AA6 /* Project object */ = {
			isa = PBXProject;
			attributes = {
				LastUpgradeCheck = 0420;
			};
			buildConfigurationList = 68AFA4FA15A9391400000AA6 /* Build configuration list for PBXProject "NSArray" */;
			compatibilityVersion = "Xcode 3.2";
			developmentRegion = English;
			hasScannedForEncodings = 0;
			knownRegions = (
				en,
			);
			mainGroup = 68AFA4F515A9391400000AA6;
			productRefGroup = 68AFA50115A9391400000AA6 /* Products */;
			projectDirPath = "";
			projectRoot = "";
			targets = (
				68AFA4FF15A9391400000AA6 /* NSArray */,
			);
		};
/* End PBXProject section */

/* Begin PBXSourcesBuildPhase section */
		68AFA4FC15A9391400000AA6 /* Sources */ = {
			isa = PBXSourcesBuildPhase;
			buildActionMask = 2147483647;
			files = (
				68AFA50815A9391400000AA6 /* main.m in Sources */,
			);
			runOnlyForDeploymentPostprocessing = 0;
		};
/* End PBXSourcesBuildPhase section */

/* Begin XCBuildConfiguration section */
		68AFA50D15A9391400000AA6 /* Debug */ = {
			isa = XCBuildConfiguration;
			buildSettings = {
				ALWAYS_SEARCH_USER_PATHS = NO;
				ARCHS = "$(ARCHS_STANDARD_64_BIT)";
				CLANG_ENABLE_OBJC_ARC = YES;
				COPY_PHASE_STRIP = NO;
				GCC_C_LANGUAGE_STANDARD = gnu99;
				GCC_DYNAMIC_NO_PIC = NO;
				GCC_ENABLE_OBJC_EXCEPTIONS = YES;
				GCC_OPTIMIZATION_LEVEL = 0;
				GCC_PREPROCESSOR_DEFINITIONS = (
					"DEBUG=1",
					"$(inherited)",
				);
				GCC_SYMBOLS_PRIVATE_EXTERN = NO;
				GCC_VERSION = com.apple.compilers.llvm.clang.1_0;
				GCC_WARN_64_TO_32_BIT_CONVERSION = YES;
				GCC_WARN_ABOUT_MISSING_PROTOTYPES = YES;
				GCC_WARN_ABOUT_RETURN_TYPE = YES;
				GCC_WARN_UNUSED_VARIABLE = YES;
				MACOSX_DEPLOYMENT_TARGET = 10.7;
				ONLY_ACTIVE_ARCH = YES;
				SDKROOT = macosx;
			};
			name = Debug;
		};
		68AFA50E15A9391400000AA6 /* Release */ = {
			isa = XCBuildConfiguration;
			buildSettings = {
				ALWAYS_SEARCH_USER_PATHS = NO;
				ARCHS = "$(ARCHS_STANDARD_64_BIT)";
				CLANG_ENABLE_OBJC_ARC = YES;
				COPY_PHASE_STRIP = YES;
				DEBUG_INFORMATION_FORMAT = "dwarf-with-dsym";
				GCC_C_LANGUAGE_STANDARD = gnu99;
				GCC_ENABLE_OBJC_EXCEPTIONS = YES;
				GCC_VERSION = com.apple.compilers.llvm.clang.1_0;
				GCC_WARN_64_TO_32_BIT_CONVERSION = YES;
				GCC_WARN_ABOUT_MISSING_PROTOTYPES = YES;
				GCC_WARN_ABOUT_RETURN_TYPE = YES;
				GCC_WARN_UNUSED_VARIABLE = YES;
				MACOSX_DEPLOYMENT_TARGET = 10.7;
				SDKROOT = macosx;
			};
			name = Release;
		};
		68AFA51015A9391400000AA6 /* Debug */ = {
			isa = XCBuildConfiguration;
			buildSettings = {
				GCC_PRECOMPILE_PREFIX_HEADER = YES;
				GCC_PREFIX_HEADER = "NSArray/NSArray-Prefix.pch";
				PRODUCT_NAME = "$(TARGET_NAME)";
			};
			name = Debug;
		};
		68AFA51115A9391400000AA6 /* Release */ = {
			isa = XCBuildConfiguration;
			buildSettings = {
				GCC_PRECOMPILE_PREFIX_HEADER = YES;
				GCC_PREFIX_HEADER = "NSArray/NSArray-Prefix.pch";
				PRODUCT_NAME = "$(TARGET_NAME)";
			};
			name = Release;
		};
/* End XCBuildConfiguration section */

/* Begin XCConfigurationList section */
		68AFA4FA15A9391400000AA6 /* Build configuration list for PBXProject "NSArray" */ = {
			isa = XCConfigurationList;
			buildConfigurations = (
				68AFA50D15A9391400000AA6 /* Debug */,
				68AFA50E15A9391400000AA6 /* Release */,
			);
			defaultConfigurationIsVisible = 0;
			defaultConfigurationName = Release;
		};
		68AFA50F15A9391400000AA6 /* Build configuration list for PBXNativeTarget "NSArray" */ = {
			isa = XCConfigurationList;
			buildConfigurations = (
				68AFA51015A9391400000AA6 /* Debug */,
				68AFA51115A9391400000AA6 /* Release */,
			);
			defaultConfigurationIsVisible = 0;
		};
/* End XCConfigurationList section */
	};
	rootObject = 68AFA4F715A9391400000AA6 /* Project object */;
}
