// !$*UTF8*$!
{
	archiveVersion = 1;
	classes = {
	};
	objectVersion = 46;
	objects = {

/* Begin PBXBuildFile section */
		689FB38315AB086000FB9813 /* Foundation.framework in Frameworks */ = {isa = PBXBuildFile; fileRef = 689FB38215AB086000FB9813 /* Foundation.framework */; };
		689FB38615AB086000FB9813 /* main.m in Sources */ = {isa = PBXBuildFile; fileRef = 689FB38515AB086000FB9813 /* main.m */; };
		689FB38A15AB086000FB9813 /* NSArraySaveRestore.1 in CopyFiles */ = {isa = PBXBuildFile; fileRef = 689FB38915AB086000FB9813 /* NSArraySaveRestore.1 */; };
/* End PBXBuildFile section */

/* Begin PBXCopyFilesBuildPhase section */
		689FB37C15AB086000FB9813 /* CopyFiles */ = {
			isa = PBXCopyFilesBuildPhase;
			buildActionMask = 2147483647;
			dstPath = /usr/share/man/man1/;
			dstSubfolderSpec = 0;
			files = (
				689FB38A15AB086000FB9813 /* NSArraySaveRestore.1 in CopyFiles */,
			);
			runOnlyForDeploymentPostprocessing = 1;
		};
/* End PBXCopyFilesBuildPhase section */

/* Begin PBXFileReference section */
		689FB37E15AB086000FB9813 /* NSArraySaveRestore */ = {isa = PBXFileReference; explicitFileType = "compiled.mach-o.executable"; includeInIndex = 0; path = NSArraySaveRestore; sourceTree = BUILT_PRODUCTS_DIR; };
		689FB38215AB086000FB9813 /* Foundation.framework */ = {isa = PBXFileReference; lastKnownFileType = wrapper.framework; name = Foundation.framework; path = System/Library/Frameworks/Foundation.framework; sourceTree = SDKROOT; };
		689FB38515AB086000FB9813 /* main.m */ = {isa = PBXFileReference; lastKnownFileType = sourcecode.c.objc; path = main.m; sourceTree = "<group>"; };
		689FB38815AB086000FB9813 /* NSArraySaveRestore-Prefix.pch */ = {isa = PBXFileReference; lastKnownFileType = sourcecode.c.h; path = "NSArraySaveRestore-Prefix.pch"; sourceTree = "<group>"; };
		689FB38915AB086000FB9813 /* NSArraySaveRestore.1 */ = {isa = PBXFileReference; lastKnownFileType = text.man; path = NSArraySaveRestore.1; sourceTree = "<group>"; };
/* End PBXFileReference section */

/* Begin PBXFrameworksBuildPhase section */
		689FB37B15AB086000FB9813 /* Frameworks */ = {
			isa = PBXFrameworksBuildPhase;
			buildActionMask = 2147483647;
			files = (
				689FB38315AB086000FB9813 /* Foundation.framework in Frameworks */,
			);
			runOnlyForDeploymentPostprocessing = 0;
		};
/* End PBXFrameworksBuildPhase section */

/* Begin PBXGroup section */
		689FB37315AB086000FB9813 = {
			isa = PBXGroup;
			children = (
				689FB38415AB086000FB9813 /* NSArraySaveRestore */,
				689FB38115AB086000FB9813 /* Frameworks */,
				689FB37F15AB086000FB9813 /* Products */,
			);
			sourceTree = "<group>";
		};
		689FB37F15AB086000FB9813 /* Products */ = {
			isa = PBXGroup;
			children = (
				689FB37E15AB086000FB9813 /* NSArraySaveRestore */,
			);
			name = Products;
			sourceTree = "<group>";
		};
		689FB38115AB086000FB9813 /* Frameworks */ = {
			isa = PBXGroup;
			children = (
				689FB38215AB086000FB9813 /* Foundation.framework */,
			);
			name = Frameworks;
			sourceTree = "<group>";
		};
		689FB38415AB086000FB9813 /* NSArraySaveRestore */ = {
			isa = PBXGroup;
			children = (
				689FB38515AB086000FB9813 /* main.m */,
				689FB38915AB086000FB9813 /* NSArraySaveRestore.1 */,
				689FB38715AB086000FB9813 /* Supporting Files */,
			);
			path = NSArraySaveRestore;
			sourceTree = "<group>";
		};
		689FB38715AB086000FB9813 /* Supporting Files */ = {
			isa = PBXGroup;
			children = (
				689FB38815AB086000FB9813 /* NSArraySaveRestore-Prefix.pch */,
			);
			name = "Supporting Files";
			sourceTree = "<group>";
		};
/* End PBXGroup section */

/* Begin PBXNativeTarget section */
		689FB37D15AB086000FB9813 /* NSArraySaveRestore */ = {
			isa = PBXNativeTarget;
			buildConfigurationList = 689FB38D15AB086000FB9813 /* Build configuration list for PBXNativeTarget "NSArraySaveRestore" */;
			buildPhases = (
				689FB37A15AB086000FB9813 /* Sources */,
				689FB37B15AB086000FB9813 /* Frameworks */,
				689FB37C15AB086000FB9813 /* CopyFiles */,
			);
			buildRules = (
			);
			dependencies = (
			);
			name = NSArraySaveRestore;
			productName = NSArraySaveRestore;
			productReference = 689FB37E15AB086000FB9813 /* NSArraySaveRestore */;
			productType = "com.apple.product-type.tool";
		};
/* End PBXNativeTarget section */

/* Begin PBXProject section */
		689FB37515AB086000FB9813 /* Project object */ = {
			isa = PBXProject;
			attributes = {
				LastUpgradeCheck = 0420;
			};
			buildConfigurationList = 689FB37815AB086000FB9813 /* Build configuration list for PBXProject "NSArraySaveRestore" */;
			compatibilityVersion = "Xcode 3.2";
			developmentRegion = English;
			hasScannedForEncodings = 0;
			knownRegions = (
				en,
			);
			mainGroup = 689FB37315AB086000FB9813;
			productRefGroup = 689FB37F15AB086000FB9813 /* Products */;
			projectDirPath = "";
			projectRoot = "";
			targets = (
				689FB37D15AB086000FB9813 /* NSArraySaveRestore */,
			);
		};
/* End PBXProject section */

/* Begin PBXSourcesBuildPhase section */
		689FB37A15AB086000FB9813 /* Sources */ = {
			isa = PBXSourcesBuildPhase;
			buildActionMask = 2147483647;
			files = (
				689FB38615AB086000FB9813 /* main.m in Sources */,
			);
			runOnlyForDeploymentPostprocessing = 0;
		};
/* End PBXSourcesBuildPhase section */

/* Begin XCBuildConfiguration section */
		689FB38B15AB086000FB9813 /* Debug */ = {
			isa = XCBuildConfiguration;
			buildSettings = {
				ALWAYS_SEARCH_USER_PATHS = NO;
				ARCHS = "$(ARCHS_STANDARD_64_BIT)";
				CLANG_ENABLE_OBJC_ARC = YES;
				COPY_PHASE_STRIP = NO;
				GCC_C_LANGUAGE_STANDARD = gnu99;
				GCC_DYNAMIC_NO_PIC = NO;
				GCC_ENABLE_OBJC_EXCEPTIONS = YES;
				GCC_OPTIMIZATION_LEVEL = 0;
				GCC_PREPROCESSOR_DEFINITIONS = (
					"DEBUG=1",
					"$(inherited)",
				);
				GCC_SYMBOLS_PRIVATE_EXTERN = NO;
				GCC_VERSION = com.apple.compilers.llvm.clang.1_0;
				GCC_WARN_64_TO_32_BIT_CONVERSION = YES;
				GCC_WARN_ABOUT_MISSING_PROTOTYPES = YES;
				GCC_WARN_ABOUT_RETURN_TYPE = YES;
				GCC_WARN_UNUSED_VARIABLE = YES;
				MACOSX_DEPLOYMENT_TARGET = 10.7;
				ONLY_ACTIVE_ARCH = YES;
				SDKROOT = macosx;
			};
			name = Debug;
		};
		689FB38C15AB086000FB9813 /* Release */ = {
			isa = XCBuildConfiguration;
			buildSettings = {
				ALWAYS_SEARCH_USER_PATHS = NO;
				ARCHS = "$(ARCHS_STANDARD_64_BIT)";
				CLANG_ENABLE_OBJC_ARC = YES;
				COPY_PHASE_STRIP = YES;
				DEBUG_INFORMATION_FORMAT = "dwarf-with-dsym";
				GCC_C_LANGUAGE_STANDARD = gnu99;
				GCC_ENABLE_OBJC_EXCEPTIONS = YES;
				GCC_VERSION = com.apple.compilers.llvm.clang.1_0;
				GCC_WARN_64_TO_32_BIT_CONVERSION = YES;
				GCC_WARN_ABOUT_MISSING_PROTOTYPES = YES;
				GCC_WARN_ABOUT_RETURN_TYPE = YES;
				GCC_WARN_UNUSED_VARIABLE = YES;
				MACOSX_DEPLOYMENT_TARGET = 10.7;
				SDKROOT = macosx;
			};
			name = Release;
		};
		689FB38E15AB086000FB9813 /* Debug */ = {
			isa = XCBuildConfiguration;
			buildSettings = {
				GCC_PRECOMPILE_PREFIX_HEADER = YES;
				GCC_PREFIX_HEADER = "NSArraySaveRestore/NSArraySaveRestore-Prefix.pch";
				PRODUCT_NAME = "$(TARGET_NAME)";
			};
			name = Debug;
		};
		689FB38F15AB086000FB9813 /* Release */ = {
			isa = XCBuildConfiguration;
			buildSettings = {
				GCC_PRECOMPILE_PREFIX_HEADER = YES;
				GCC_PREFIX_HEADER = "NSArraySaveRestore/NSArraySaveRestore-Prefix.pch";
				PRODUCT_NAME = "$(TARGET_NAME)";
			};
			name = Release;
		};
/* End XCBuildConfiguration section */

/* Begin XCConfigurationList section */
		689FB37815AB086000FB9813 /* Build configuration list for PBXProject "NSArraySaveRestore" */ = {
			isa = XCConfigurationList;
			buildConfigurations = (
				689FB38B15AB086000FB9813 /* Debug */,
				689FB38C15AB086000FB9813 /* Release */,
			);
			defaultConfigurationIsVisible = 0;
			defaultConfigurationName = Release;
		};
		689FB38D15AB086000FB9813 /* Build configuration list for PBXNativeTarget "NSArraySaveRestore" */ = {
			isa = XCConfigurationList;
			buildConfigurations = (
				689FB38E15AB086000FB9813 /* Debug */,
				689FB38F15AB086000FB9813 /* Release */,
			);
			defaultConfigurationIsVisible = 0;
		};
/* End XCConfigurationList section */
	};
	rootObject = 689FB37515AB086000FB9813 /* Project object */;
}
