// !$*UTF8*$!
{
	archiveVersion = 1;
	classes = {
	};
	objectVersion = 46;
	objects = {

/* Begin PBXBuildFile section */
		68AFA52215A93E5100000AA6 /* Foundation.framework in Frameworks */ = {isa = PBXBuildFile; fileRef = 68AFA52115A93E5100000AA6 /* Foundation.framework */; };
		68AFA52515A93E5100000AA6 /* main.m in Sources */ = {isa = PBXBuildFile; fileRef = 68AFA52415A93E5100000AA6 /* main.m */; };
		68AFA52915A93E5100000AA6 /* NSDictionary.1 in CopyFiles */ = {isa = PBXBuildFile; fileRef = 68AFA52815A93E5100000AA6 /* NSDictionary.1 */; };
/* End PBXBuildFile section */

/* Begin PBXCopyFilesBuildPhase section */
		68AFA51B15A93E5100000AA6 /* CopyFiles */ = {
			isa = PBXCopyFilesBuildPhase;
			buildActionMask = 2147483647;
			dstPath = /usr/share/man/man1/;
			dstSubfolderSpec = 0;
			files = (
				68AFA52915A93E5100000AA6 /* NSDictionary.1 in CopyFiles */,
			);
			runOnlyForDeploymentPostprocessing = 1;
		};
/* End PBXCopyFilesBuildPhase section */

/* Begin PBXFileReference section */
		68AFA51D15A93E5100000AA6 /* NSDictionary */ = {isa = PBXFileReference; explicitFileType = "compiled.mach-o.executable"; includeInIndex = 0; path = NSDictionary; sourceTree = BUILT_PRODUCTS_DIR; };
		68AFA52115A93E5100000AA6 /* Foundation.framework */ = {isa = PBXFileReference; lastKnownFileType = wrapper.framework; name = Foundation.framework; path = System/Library/Frameworks/Foundation.framework; sourceTree = SDKROOT; };
		68AFA52415A93E5100000AA6 /* main.m */ = {isa = PBXFileReference; lastKnownFileType = sourcecode.c.objc; path = main.m; sourceTree = "<group>"; };
		68AFA52715A93E5100000AA6 /* NSDictionary-Prefix.pch */ = {isa = PBXFileReference; lastKnownFileType = sourcecode.c.h; path = "NSDictionary-Prefix.pch"; sourceTree = "<group>"; };
		68AFA52815A93E5100000AA6 /* NSDictionary.1 */ = {isa = PBXFileReference; lastKnownFileType = text.man; path = NSDictionary.1; sourceTree = "<group>"; };
/* End PBXFileReference section */

/* Begin PBXFrameworksBuildPhase section */
		68AFA51A15A93E5100000AA6 /* Frameworks */ = {
			isa = PBXFrameworksBuildPhase;
			buildActionMask = 2147483647;
			files = (
				68AFA52215A93E5100000AA6 /* Foundation.framework in Frameworks */,
			);
			runOnlyForDeploymentPostprocessing = 0;
		};
/* End PBXFrameworksBuildPhase section */

/* Begin PBXGroup section */
		68AFA51215A93E5100000AA6 = {
			isa = PBXGroup;
			children = (
				68AFA52315A93E5100000AA6 /* NSDictionary */,
				68AFA52015A93E5100000AA6 /* Frameworks */,
				68AFA51E15A93E5100000AA6 /* Products */,
			);
			sourceTree = "<group>";
		};
		68AFA51E15A93E5100000AA6 /* Products */ = {
			isa = PBXGroup;
			children = (
				68AFA51D15A93E5100000AA6 /* NSDictionary */,
			);
			name = Products;
			sourceTree = "<group>";
		};
		68AFA52015A93E5100000AA6 /* Frameworks */ = {
			isa = PBXGroup;
			children = (
				68AFA52115A93E5100000AA6 /* Foundation.framework */,
			);
			name = Frameworks;
			sourceTree = "<group>";
		};
		68AFA52315A93E5100000AA6 /* NSDictionary */ = {
			isa = PBXGroup;
			children = (
				68AFA52415A93E5100000AA6 /* main.m */,
				68AFA52815A93E5100000AA6 /* NSDictionary.1 */,
				68AFA52615A93E5100000AA6 /* Supporting Files */,
			);
			path = NSDictionary;
			sourceTree = "<group>";
		};
		68AFA52615A93E5100000AA6 /* Supporting Files */ = {
			isa = PBXGroup;
			children = (
				68AFA52715A93E5100000AA6 /* NSDictionary-Prefix.pch */,
			);
			name = "Supporting Files";
			sourceTree = "<group>";
		};
/* End PBXGroup section */

/* Begin PBXNativeTarget section */
		68AFA51C15A93E5100000AA6 /* NSDictionary */ = {
			isa = PBXNativeTarget;
			buildConfigurationList = 68AFA52C15A93E5100000AA6 /* Build configuration list for PBXNativeTarget "NSDictionary" */;
			buildPhases = (
				68AFA51915A93E5100000AA6 /* Sources */,
				68AFA51A15A93E5100000AA6 /* Frameworks */,
				68AFA51B15A93E5100000AA6 /* CopyFiles */,
			);
			buildRules = (
			);
			dependencies = (
			);
			name = NSDictionary;
			productName = NSDictionary;
			productReference = 68AFA51D15A93E5100000AA6 /* NSDictionary */;
			productType = "com.apple.product-type.tool";
		};
/* End PBXNativeTarget section */

/* Begin PBXProject section */
		68AFA51415A93E5100000AA6 /* Project object */ = {
			isa = PBXProject;
			attributes = {
				LastUpgradeCheck = 0420;
			};
			buildConfigurationList = 68AFA51715A93E5100000AA6 /* Build configuration list for PBXProject "NSDictionary" */;
			compatibilityVersion = "Xcode 3.2";
			developmentRegion = English;
			hasScannedForEncodings = 0;
			knownRegions = (
				en,
			);
			mainGroup = 68AFA51215A93E5100000AA6;
			productRefGroup = 68AFA51E15A93E5100000AA6 /* Products */;
			projectDirPath = "";
			projectRoot = "";
			targets = (
				68AFA51C15A93E5100000AA6 /* NSDictionary */,
			);
		};
/* End PBXProject section */

/* Begin PBXSourcesBuildPhase section */
		68AFA51915A93E5100000AA6 /* Sources */ = {
			isa = PBXSourcesBuildPhase;
			buildActionMask = 2147483647;
			files = (
				68AFA52515A93E5100000AA6 /* main.m in Sources */,
			);
			runOnlyForDeploymentPostprocessing = 0;
		};
/* End PBXSourcesBuildPhase section */

/* Begin XCBuildConfiguration section */
		68AFA52A15A93E5100000AA6 /* Debug */ = {
			isa = XCBuildConfiguration;
			buildSettings = {
				ALWAYS_SEARCH_USER_PATHS = NO;
				ARCHS = "$(ARCHS_STANDARD_64_BIT)";
				CLANG_ENABLE_OBJC_ARC = YES;
				COPY_PHASE_STRIP = NO;
				GCC_C_LANGUAGE_STANDARD = gnu99;
				GCC_DYNAMIC_NO_PIC = NO;
				GCC_ENABLE_OBJC_EXCEPTIONS = YES;
				GCC_OPTIMIZATION_LEVEL = 0;
				GCC_PREPROCESSOR_DEFINITIONS = (
					"DEBUG=1",
					"$(inherited)",
				);
				GCC_SYMBOLS_PRIVATE_EXTERN = NO;
				GCC_VERSION = com.apple.compilers.llvm.clang.1_0;
				GCC_WARN_64_TO_32_BIT_CONVERSION = YES;
				GCC_WARN_ABOUT_MISSING_PROTOTYPES = YES;
				GCC_WARN_ABOUT_RETURN_TYPE = YES;
				GCC_WARN_UNUSED_VARIABLE = YES;
				MACOSX_DEPLOYMENT_TARGET = 10.7;
				ONLY_ACTIVE_ARCH = YES;
				SDKROOT = macosx;
			};
			name = Debug;
		};
		68AFA52B15A93E5100000AA6 /* Release */ = {
			isa = XCBuildConfiguration;
			buildSettings = {
				ALWAYS_SEARCH_USER_PATHS = NO;
				ARCHS = "$(ARCHS_STANDARD_64_BIT)";
				CLANG_ENABLE_OBJC_ARC = YES;
				COPY_PHASE_STRIP = YES;
				DEBUG_INFORMATION_FORMAT = "dwarf-with-dsym";
				GCC_C_LANGUAGE_STANDARD = gnu99;
				GCC_ENABLE_OBJC_EXCEPTIONS = YES;
				GCC_VERSION = com.apple.compilers.llvm.clang.1_0;
				GCC_WARN_64_TO_32_BIT_CONVERSION = YES;
				GCC_WARN_ABOUT_MISSING_PROTOTYPES = YES;
				GCC_WARN_ABOUT_RETURN_TYPE = YES;
				GCC_WARN_UNUSED_VARIABLE = YES;
				MACOSX_DEPLOYMENT_TARGET = 10.7;
				SDKROOT = macosx;
			};
			name = Release;
		};
		68AFA52D15A93E5100000AA6 /* Debug */ = {
			isa = XCBuildConfiguration;
			buildSettings = {
				GCC_PRECOMPILE_PREFIX_HEADER = YES;
				GCC_PREFIX_HEADER = "NSDictionary/NSDictionary-Prefix.pch";
				PRODUCT_NAME = "$(TARGET_NAME)";
			};
			name = Debug;
		};
		68AFA52E15A93E5100000AA6 /* Release */ = {
			isa = XCBuildConfiguration;
			buildSettings = {
				GCC_PRECOMPILE_PREFIX_HEADER = YES;
				GCC_PREFIX_HEADER = "NSDictionary/NSDictionary-Prefix.pch";
				PRODUCT_NAME = "$(TARGET_NAME)";
			};
			name = Release;
		};
/* End XCBuildConfiguration section */

/* Begin XCConfigurationList section */
		68AFA51715A93E5100000AA6 /* Build configuration list for PBXProject "NSDictionary" */ = {
			isa = XCConfigurationList;
			buildConfigurations = (
				68AFA52A15A93E5100000AA6 /* Debug */,
				68AFA52B15A93E5100000AA6 /* Release */,
			);
			defaultConfigurationIsVisible = 0;
			defaultConfigurationName = Release;
		};
		68AFA52C15A93E5100000AA6 /* Build configuration list for PBXNativeTarget "NSDictionary" */ = {
			isa = XCConfigurationList;
			buildConfigurations = (
				68AFA52D15A93E5100000AA6 /* Debug */,
				68AFA52E15A93E5100000AA6 /* Release */,
			);
			defaultConfigurationIsVisible = 0;
		};
/* End XCConfigurationList section */
	};
	rootObject = 68AFA51415A93E5100000AA6 /* Project object */;
}
